// !$*UTF8*$!
{
	archiveVersion = 1;
	classes = {
	};
	objectVersion = 77;
	objects = {

/* Begin PBXContainerItemProxy section */
		33D1B9AC2E1E9EE500DEE658 /* PBXContainerItemProxy */ = {
			isa = PBXContainerItemProxy;
			containerPortal = 33D1B9962E1E9EE300DEE658 /* Project object */;
			proxyType = 1;
			remoteGlobalIDString = 33D1B99D2E1E9EE300DEE658;
			remoteInfo = "Accessibility Showcase";
		};
		33D1B9B62E1E9EE500DEE658 /* PBXContainerItemProxy */ = {
			isa = PBXContainerItemProxy;
			containerPortal = 33D1B9962E1E9EE300DEE658 /* Project object */;
			proxyType = 1;
			remoteGlobalIDString = 33D1B99D2E1E9EE300DEE658;
			remoteInfo = "Accessibility Showcase";
		};
/* End PBXContainerItemProxy section */

/* Begin PBXFileReference section */
		33D1B99E2E1E9EE300DEE658 /* Accessibility Showcase.app */ = {isa = PBXFileReference; explicitFileType = wrapper.application; includeInIndex = 0; path = "Accessibility Showcase.app"; sourceTree = BUILT_PRODUCTS_DIR; };
		33D1B9AB2E1E9EE500DEE658 /* Accessibility ShowcaseTests.xctest */ = {isa = PBXFileReference; explicitFileType = wrapper.cfbundle; includeInIndex = 0; path = "Accessibility ShowcaseTests.xctest"; sourceTree = BUILT_PRODUCTS_DIR; };
		33D1B9B52E1E9EE500DEE658 /* Accessibility ShowcaseUITests.xctest */ = {isa = PBXFileReference; explicitFileType = wrapper.cfbundle; includeInIndex = 0; path = "Accessibility ShowcaseUITests.xctest"; sourceTree = BUILT_PRODUCTS_DIR; };
/* End PBXFileReference section */

/* Begin PBXFileSystemSynchronizedBuildFileExceptionSet section */
		33D1B9CC2E1E9F0C00DEE658 /* Exceptions for "Accessibility Showcase" folder in "Accessibility ShowcaseTests" target */ = {
			isa = PBXFileSystemSynchronizedBuildFileExceptionSet;
			membershipExceptions = (
				"Dynamic Type Size/WebView.swift",
			);
			target = 33D1B9AA2E1E9EE500DEE658 /* Accessibility ShowcaseTests */;
		};
		33D1B9CD2E1E9F0C00DEE658 /* Exceptions for "Accessibility Showcase" folder in "Accessibility ShowcaseUITests" target */ = {
			isa = PBXFileSystemSynchronizedBuildFileExceptionSet;
			membershipExceptions = (
				"Dynamic Type Size/WebView.swift",
			);
			target = 33D1B9B42E1E9EE500DEE658 /* Accessibility ShowcaseUITests */;
		};
/* End PBXFileSystemSynchronizedBuildFileExceptionSet section */

/* Begin PBXFileSystemSynchronizedRootGroup section */
		33D1B9A02E1E9EE300DEE658 /* Accessibility Showcase */ = {
			isa = PBXFileSystemSynchronizedRootGroup;
			exceptions = (
				33D1B9CC2E1E9F0C00DEE658 /* Exceptions for "Accessibility Showcase" folder in "Accessibility ShowcaseTests" target */,
				33D1B9CD2E1E9F0C00DEE658 /* Exceptions for "Accessibility Showcase" folder in "Accessibility ShowcaseUITests" target */,
			);
			path = "Accessibility Showcase";
			sourceTree = "<group>";
		};
		33D1B9AE2E1E9EE500DEE658 /* Accessibility ShowcaseTests */ = {
			isa = PBXFileSystemSynchronizedRootGroup;
			path = "Accessibility ShowcaseTests";
			sourceTree = "<group>";
		};
		33D1B9B82E1E9EE500DEE658 /* Accessibility ShowcaseUITests */ = {
			isa = PBXFileSystemSynchronizedRootGroup;
			path = "Accessibility ShowcaseUITests";
			sourceTree = "<group>";
		};
/* End PBXFileSystemSynchronizedRootGroup section */

/* Begin PBXFrameworksBuildPhase section */
		33D1B99B2E1E9EE300DEE658 /* Frameworks */ = {
			isa = PBXFrameworksBuildPhase;
			buildActionMask = 2147483647;
			files = (
			);
			runOnlyForDeploymentPostprocessing = 0;
		};
		33D1B9A82E1E9EE500DEE658 /* Frameworks */ = {
			isa = PBXFrameworksBuildPhase;
			buildActionMask = 2147483647;
			files = (
			);
			runOnlyForDeploymentPostprocessing = 0;
		};
		33D1B9B22E1E9EE500DEE658 /* Frameworks */ = {
			isa = PBXFrameworksBuildPhase;
			buildActionMask = 2147483647;
			files = (
			);
			runOnlyForDeploymentPostprocessing = 0;
		};
/* End PBXFrameworksBuildPhase section */

/* Begin PBXGroup section */
		33D1B9952E1E9EE300DEE658 = {
			isa = PBXGroup;
			children = (
				33D1B9A02E1E9EE300DEE658 /* Accessibility Showcase */,
				33D1B9AE2E1E9EE500DEE658 /* Accessibility ShowcaseTests */,
				33D1B9B82E1E9EE500DEE658 /* Accessibility ShowcaseUITests */,
				33D1B99F2E1E9EE300DEE658 /* Products */,
			);
			sourceTree = "<group>";
		};
		33D1B99F2E1E9EE300DEE658 /* Products */ = {
			isa = PBXGroup;
			children = (
				33D1B99E2E1E9EE300DEE658 /* Accessibility Showcase.app */,
				33D1B9AB2E1E9EE500DEE658 /* Accessibility ShowcaseTests.xctest */,
				33D1B9B52E1E9EE500DEE658 /* Accessibility ShowcaseUITests.xctest */,
			);
			name = Products;
			sourceTree = "<group>";
		};
/* End PBXGroup section */

/* Begin PBXNativeTarget section */
		33D1B99D2E1E9EE300DEE658 /* Accessibility Showcase */ = {
			isa = PBXNativeTarget;
			buildConfigurationList = 33D1B9BF2E1E9EE500DEE658 /* Build configuration list for PBXNativeTarget "Accessibility Showcase" */;
			buildPhases = (
				33D1B99A2E1E9EE300DEE658 /* Sources */,
				33D1B99B2E1E9EE300DEE658 /* Frameworks */,
				33D1B99C2E1E9EE300DEE658 /* Resources */,
			);
			buildRules = (
			);
			dependencies = (
			);
			fileSystemSynchronizedGroups = (
				33D1B9A02E1E9EE300DEE658 /* Accessibility Showcase */,
			);
			name = "Accessibility Showcase";
			packageProductDependencies = (
			);
			productName = "Accessibility Showcase";
			productReference = 33D1B99E2E1E9EE300DEE658 /* Accessibility Showcase.app */;
			productType = "com.apple.product-type.application";
		};
		33D1B9AA2E1E9EE500DEE658 /* Accessibility ShowcaseTests */ = {
			isa = PBXNativeTarget;
			buildConfigurationList = 33D1B9C22E1E9EE500DEE658 /* Build configuration list for PBXNativeTarget "Accessibility ShowcaseTests" */;
			buildPhases = (
				33D1B9A72E1E9EE500DEE658 /* Sources */,
				33D1B9A82E1E9EE500DEE658 /* Frameworks */,
				33D1B9A92E1E9EE500DEE658 /* Resources */,
			);
			buildRules = (
			);
			dependencies = (
				33D1B9AD2E1E9EE500DEE658 /* PBXTargetDependency */,
			);
			fileSystemSynchronizedGroups = (
				33D1B9AE2E1E9EE500DEE658 /* Accessibility ShowcaseTests */,
			);
			name = "Accessibility ShowcaseTests";
			packageProductDependencies = (
			);
			productName = "Accessibility ShowcaseTests";
			productReference = 33D1B9AB2E1E9EE500DEE658 /* Accessibility ShowcaseTests.xctest */;
			productType = "com.apple.product-type.bundle.unit-test";
		};
		33D1B9B42E1E9EE500DEE658 /* Accessibility ShowcaseUITests */ = {
			isa = PBXNativeTarget;
			buildConfigurationList = 33D1B9C52E1E9EE500DEE658 /* Build configuration list for PBXNativeTarget "Accessibility ShowcaseUITests" */;
			buildPhases = (
				33D1B9B12E1E9EE500DEE658 /* Sources */,
				33D1B9B22E1E9EE500DEE658 /* Frameworks */,
				33D1B9B32E1E9EE500DEE658 /* Resources */,
			);
			buildRules = (
			);
			dependencies = (
				33D1B9B72E1E9EE500DEE658 /* PBXTargetDependency */,
			);
			fileSystemSynchronizedGroups = (
				33D1B9B82E1E9EE500DEE658 /* Accessibility ShowcaseUITests */,
			);
			name = "Accessibility ShowcaseUITests";
			packageProductDependencies = (
			);
			productName = "Accessibility ShowcaseUITests";
			productReference = 33D1B9B52E1E9EE500DEE658 /* Accessibility ShowcaseUITests.xctest */;
			productType = "com.apple.product-type.bundle.ui-testing";
		};
/* End PBXNativeTarget section */

/* Begin PBXProject section */
		33D1B9962E1E9EE300DEE658 /* Project object */ = {
			isa = PBXProject;
			attributes = {
				BuildIndependentTargetsInParallel = 1;
				LastSwiftUpdateCheck = 1640;
				LastUpgradeCheck = 1640;
				TargetAttributes = {
					33D1B99D2E1E9EE300DEE658 = {
						CreatedOnToolsVersion = 16.4;
					};
					33D1B9AA2E1E9EE500DEE658 = {
						CreatedOnToolsVersion = 16.4;
						TestTargetID = 33D1B99D2E1E9EE300DEE658;
					};
					33D1B9B42E1E9EE500DEE658 = {
						CreatedOnToolsVersion = 16.4;
						TestTargetID = 33D1B99D2E1E9EE300DEE658;
					};
				};
			};
			buildConfigurationList = 33D1B9992E1E9EE300DEE658 /* Build configuration list for PBXProject "Accessibility Showcase" */;
			developmentRegion = en;
			hasScannedForEncodings = 0;
			knownRegions = (
				en,
				Base,
			);
			mainGroup = 33D1B9952E1E9EE300DEE658;
			minimizedProjectReferenceProxies = 1;
			preferredProjectObjectVersion = 77;
			productRefGroup = 33D1B99F2E1E9EE300DEE658 /* Products */;
			projectDirPath = "";
			projectRoot = "";
			targets = (
				33D1B99D2E1E9EE300DEE658 /* Accessibility Showcase */,
				33D1B9AA2E1E9EE500DEE658 /* Accessibility ShowcaseTests */,
				33D1B9B42E1E9EE500DEE658 /* Accessibility ShowcaseUITests */,
			);
		};
/* End PBXProject section */

/* Begin PBXResourcesBuildPhase section */
		33D1B99C2E1E9EE300DEE658 /* Resources */ = {
			isa = PBXResourcesBuildPhase;
			buildActionMask = 2147483647;
			files = (
			);
			runOnlyForDeploymentPostprocessing = 0;
		};
		33D1B9A92E1E9EE500DEE658 /* Resources */ = {
			isa = PBXResourcesBuildPhase;
			buildActionMask = 2147483647;
			files = (
			);
			runOnlyForDeploymentPostprocessing = 0;
		};
		33D1B9B32E1E9EE500DEE658 /* Resources */ = {
			isa = PBXResourcesBuildPhase;
			buildActionMask = 2147483647;
			files = (
			);
			runOnlyForDeploymentPostprocessing = 0;
		};
/* End PBXResourcesBuildPhase section */

/* Begin PBXSourcesBuildPhase section */
		33D1B99A2E1E9EE300DEE658 /* Sources */ = {
			isa = PBXSourcesBuildPhase;
			buildActionMask = 2147483647;
			files = (
			);
			runOnlyForDeploymentPostprocessing = 0;
		};
		33D1B9A72E1E9EE500DEE658 /* Sources */ = {
			isa = PBXSourcesBuildPhase;
			buildActionMask = 2147483647;
			files = (
			);
			runOnlyForDeploymentPostprocessing = 0;
		};
		33D1B9B12E1E9EE500DEE658 /* Sources */ = {
			isa = PBXSourcesBuildPhase;
			buildActionMask = 2147483647;
			files = (
			);
			runOnlyForDeploymentPostprocessing = 0;
		};
/* End PBXSourcesBuildPhase section */

/* Begin PBXTargetDependency section */
		33D1B9AD2E1E9EE500DEE658 /* PBXTargetDependency */ = {
			isa = PBXTargetDependency;
			target = 33D1B99D2E1E9EE300DEE658 /* Accessibility Showcase */;
			targetProxy = 33D1B9AC2E1E9EE500DEE658 /* PBXContainerItemProxy */;
		};
		33D1B9B72E1E9EE500DEE658 /* PBXTargetDependency */ = {
			isa = PBXTargetDependency;
			target = 33D1B99D2E1E9EE300DEE658 /* Accessibility Showcase */;
			targetProxy = 33D1B9B62E1E9EE500DEE658 /* PBXContainerItemProxy */;
		};
/* End PBXTargetDependency section */

/* Begin XCBuildConfiguration section */
		33D1B9BD2E1E9EE500DEE658 /* Debug */ = {
			isa = XCBuildConfiguration;
			buildSettings = {
				ALWAYS_SEARCH_USER_PATHS = NO;
				ASSETCATALOG_COMPILER_GENERATE_SWIFT_ASSET_SYMBOL_EXTENSIONS = YES;
				CLANG_ANALYZER_NONNULL = YES;
				CLANG_ANALYZER_NUMBER_OBJECT_CONVERSION = YES_AGGRESSIVE;
				CLANG_CXX_LANGUAGE_STANDARD = "gnu++20";
				CLANG_ENABLE_MODULES = YES;
				CLANG_ENABLE_OBJC_ARC = YES;
				CLANG_ENABLE_OBJC_WEAK = YES;
				CLANG_WARN_BLOCK_CAPTURE_AUTORELEASING = YES;
				CLANG_WARN_BOOL_CONVERSION = YES;
				CLANG_WARN_COMMA = YES;
				CLANG_WARN_CONSTANT_CONVERSION = YES;
				CLANG_WARN_DEPRECATED_OBJC_IMPLEMENTATIONS = YES;
				CLANG_WARN_DIRECT_OBJC_ISA_USAGE = YES_ERROR;
				CLANG_WARN_DOCUMENTATION_COMMENTS = YES;
				CLANG_WARN_EMPTY_BODY = YES;
				CLANG_WARN_ENUM_CONVERSION = YES;
				CLANG_WARN_INFINITE_RECURSION = YES;
				CLANG_WARN_INT_CONVERSION = YES;
				CLANG_WARN_NON_LITERAL_NULL_CONVERSION = YES;
				CLANG_WARN_OBJC_IMPLICIT_RETAIN_SELF = YES;
				CLANG_WARN_OBJC_LITERAL_CONVERSION = YES;
				CLANG_WARN_OBJC_ROOT_CLASS = YES_ERROR;
				CLANG_WARN_QUOTED_INCLUDE_IN_FRAMEWORK_HEADER = YES;
				CLANG_WARN_RANGE_LOOP_ANALYSIS = YES;
				CLANG_WARN_STRICT_PROTOTYPES = YES;
				CLANG_WARN_SUSPICIOUS_MOVE = YES;
				CLANG_WARN_UNGUARDED_AVAILABILITY = YES_AGGRESSIVE;
				CLANG_WARN_UNREACHABLE_CODE = YES;
				CLANG_WARN__DUPLICATE_METHOD_MATCH = YES;
				COPY_PHASE_STRIP = NO;
				DEBUG_INFORMATION_FORMAT = dwarf;
				DEVELOPMENT_TEAM = 5V8D34KHHF;
				ENABLE_STRICT_OBJC_MSGSEND = YES;
				ENABLE_TESTABILITY = YES;
				ENABLE_USER_SCRIPT_SANDBOXING = YES;
				GCC_C_LANGUAGE_STANDARD = gnu17;
				GCC_DYNAMIC_NO_PIC = NO;
				GCC_NO_COMMON_BLOCKS = YES;
				GCC_OPTIMIZATION_LEVEL = 0;
				GCC_PREPROCESSOR_DEFINITIONS = (
					"DEBUG=1",
					"$(inherited)",
				);
				GCC_WARN_64_TO_32_BIT_CONVERSION = YES;
				GCC_WARN_ABOUT_RETURN_TYPE = YES_ERROR;
				GCC_WARN_UNDECLARED_SELECTOR = YES;
				GCC_WARN_UNINITIALIZED_AUTOS = YES_AGGRESSIVE;
				GCC_WARN_UNUSED_FUNCTION = YES;
				GCC_WARN_UNUSED_VARIABLE = YES;
				IPHONEOS_DEPLOYMENT_TARGET = 18.5;
				LOCALIZATION_PREFERS_STRING_CATALOGS = YES;
				MTL_ENABLE_DEBUG_INFO = INCLUDE_SOURCE;
				MTL_FAST_MATH = YES;
				ONLY_ACTIVE_ARCH = YES;
				SDKROOT = iphoneos;
				SWIFT_ACTIVE_COMPILATION_CONDITIONS = "DEBUG $(inherited)";
				SWIFT_OPTIMIZATION_LEVEL = "-Onone";
			};
			name = Debug;
		};
		33D1B9BE2E1E9EE500DEE658 /* Release */ = {
			isa = XCBuildConfiguration;
			buildSettings = {
				ALWAYS_SEARCH_USER_PATHS = NO;
				ASSETCATALOG_COMPILER_GENERATE_SWIFT_ASSET_SYMBOL_EXTENSIONS = YES;
				CLANG_ANALYZER_NONNULL = YES;
				CLANG_ANALYZER_NUMBER_OBJECT_CONVERSION = YES_AGGRESSIVE;
				CLANG_CXX_LANGUAGE_STANDARD = "gnu++20";
				CLANG_ENABLE_MODULES = YES;
				CLANG_ENABLE_OBJC_ARC = YES;
				CLANG_ENABLE_OBJC_WEAK = YES;
				CLANG_WARN_BLOCK_CAPTURE_AUTORELEASING = YES;
				CLANG_WARN_BOOL_CONVERSION = YES;
				CLANG_WARN_COMMA = YES;
				CLANG_WARN_CONSTANT_CONVERSION = YES;
				CLANG_WARN_DEPRECATED_OBJC_IMPLEMENTATIONS = YES;
				CLANG_WARN_DIRECT_OBJC_ISA_USAGE = YES_ERROR;
				CLANG_WARN_DOCUMENTATION_COMMENTS = YES;
				CLANG_WARN_EMPTY_BODY = YES;
				CLANG_WARN_ENUM_CONVERSION = YES;
				CLANG_WARN_INFINITE_RECURSION = YES;
				CLANG_WARN_INT_CONVERSION = YES;
				CLANG_WARN_NON_LITERAL_NULL_CONVERSION = YES;
				CLANG_WARN_OBJC_IMPLICIT_RETAIN_SELF = YES;
				CLANG_WARN_OBJC_LITERAL_CONVERSION = YES;
				CLANG_WARN_OBJC_ROOT_CLASS = YES_ERROR;
				CLANG_WARN_QUOTED_INCLUDE_IN_FRAMEWORK_HEADER = YES;
				CLANG_WARN_RANGE_LOOP_ANALYSIS = YES;
				CLANG_WARN_STRICT_PROTOTYPES = YES;
				CLANG_WARN_SUSPICIOUS_MOVE = YES;
				CLANG_WARN_UNGUARDED_AVAILABILITY = YES_AGGRESSIVE;
				CLANG_WARN_UNREACHABLE_CODE = YES;
				CLANG_WARN__DUPLICATE_METHOD_MATCH = YES;
				COPY_PHASE_STRIP = NO;
				DEBUG_INFORMATION_FORMAT = "dwarf-with-dsym";
				DEVELOPMENT_TEAM = 5V8D34KHHF;
				ENABLE_NS_ASSERTIONS = NO;
				ENABLE_STRICT_OBJC_MSGSEND = YES;
				ENABLE_USER_SCRIPT_SANDBOXING = YES;
				GCC_C_LANGUAGE_STANDARD = gnu17;
				GCC_NO_COMMON_BLOCKS = YES;
				GCC_WARN_64_TO_32_BIT_CONVERSION = YES;
				GCC_WARN_ABOUT_RETURN_TYPE = YES_ERROR;
				GCC_WARN_UNDECLARED_SELECTOR = YES;
				GCC_WARN_UNINITIALIZED_AUTOS = YES_AGGRESSIVE;
				GCC_WARN_UNUSED_FUNCTION = YES;
				GCC_WARN_UNUSED_VARIABLE = YES;
				IPHONEOS_DEPLOYMENT_TARGET = 18.5;
				LOCALIZATION_PREFERS_STRING_CATALOGS = YES;
				MTL_ENABLE_DEBUG_INFO = NO;
				MTL_FAST_MATH = YES;
				SDKROOT = iphoneos;
				SWIFT_COMPILATION_MODE = wholemodule;
				VALIDATE_PRODUCT = YES;
			};
			name = Release;
		};
		33D1B9C02E1E9EE500DEE658 /* Debug */ = {
			isa = XCBuildConfiguration;
			buildSettings = {
				ASSETCATALOG_COMPILER_APPICON_NAME = AppIcon;
				ASSETCATALOG_COMPILER_GLOBAL_ACCENT_COLOR_NAME = AccentColor;
				CODE_SIGN_STYLE = Automatic;
				CURRENT_PROJECT_VERSION = 1;
				DEVELOPMENT_TEAM = 5V8D34KHHF;
				ENABLE_PREVIEWS = YES;
				GENERATE_INFOPLIST_FILE = YES;
				INFOPLIST_FILE = "Accessibility-Showcase-Info.plist";
				INFOPLIST_KEY_UIApplicationSceneManifest_Generation = YES;
				INFOPLIST_KEY_UIApplicationSupportsIndirectInputEvents = YES;
				INFOPLIST_KEY_UILaunchScreen_Generation = YES;
				INFOPLIST_KEY_UISupportedInterfaceOrientations_iPad = "UIInterfaceOrientationPortrait UIInterfaceOrientationPortraitUpsideDown UIInterfaceOrientationLandscapeLeft UIInterfaceOrientationLandscapeRight";
				INFOPLIST_KEY_UISupportedInterfaceOrientations_iPhone = "UIInterfaceOrientationPortrait UIInterfaceOrientationLandscapeLeft UIInterfaceOrientationLandscapeRight";
				LD_RUNPATH_SEARCH_PATHS = (
					"$(inherited)",
					"@executable_path/Frameworks",
				);
				MARKETING_VERSION = 1.0;
				PRODUCT_BUNDLE_IDENTIFIER = "com.edsalter.Accessibility-Showcase";
				PRODUCT_NAME = "$(TARGET_NAME)";
				SWIFT_EMIT_LOC_STRINGS = YES;
				SWIFT_VERSION = 5.0;
				TARGETED_DEVICE_FAMILY = "1,2";
			};
			name = Debug;
		};
		33D1B9C12E1E9EE500DEE658 /* Release */ = {
			isa = XCBuildConfiguration;
			buildSettings = {
				ASSETCATALOG_COMPILER_APPICON_NAME = AppIcon;
				ASSETCATALOG_COMPILER_GLOBAL_ACCENT_COLOR_NAME = AccentColor;
				CODE_SIGN_STYLE = Automatic;
				CURRENT_PROJECT_VERSION = 1;
				DEVELOPMENT_TEAM = 5V8D34KHHF;
				ENABLE_PREVIEWS = YES;
				GENERATE_INFOPLIST_FILE = YES;
				INFOPLIST_FILE = "Accessibility-Showcase-Info.plist";
				INFOPLIST_KEY_UIApplicationSceneManifest_Generation = YES;
				INFOPLIST_KEY_UIApplicationSupportsIndirectInputEvents = YES;
				INFOPLIST_KEY_UILaunchScreen_Generation = YES;
				INFOPLIST_KEY_UISupportedInterfaceOrientations_iPad = "UIInterfaceOrientationPortrait UIInterfaceOrientationPortraitUpsideDown UIInterfaceOrientationLandscapeLeft UIInterfaceOrientationLandscapeRight";
				INFOPLIST_KEY_UISupportedInterfaceOrientations_iPhone = "UIInterfaceOrientationPortrait UIInterfaceOrientationLandscapeLeft UIInterfaceOrientationLandscapeRight";
				LD_RUNPATH_SEARCH_PATHS = (
					"$(inherited)",
					"@executable_path/Frameworks",
				);
				MARKETING_VERSION = 1.0;
				PRODUCT_BUNDLE_IDENTIFIER = "com.edsalter.Accessibility-Showcase";
				PRODUCT_NAME = "$(TARGET_NAME)";
				SWIFT_EMIT_LOC_STRINGS = YES;
				SWIFT_VERSION = 5.0;
				TARGETED_DEVICE_FAMILY = "1,2";
			};
			name = Release;
		};
		33D1B9C32E1E9EE500DEE658 /* Debug */ = {
			isa = XCBuildConfiguration;
			buildSettings = {
				BUNDLE_LOADER = "$(TEST_HOST)";
				CODE_SIGN_STYLE = Automatic;
				CURRENT_PROJECT_VERSION = 1;
				DEVELOPMENT_TEAM = 5V8D34KHHF;
				GENERATE_INFOPLIST_FILE = YES;
				IPHONEOS_DEPLOYMENT_TARGET = 18.5;
				MARKETING_VERSION = 1.0;
				PRODUCT_BUNDLE_IDENTIFIER = "com.edsalter.Accessibility-ShowcaseTests";
				PRODUCT_NAME = "$(TARGET_NAME)";
				SWIFT_EMIT_LOC_STRINGS = NO;
				SWIFT_VERSION = 5.0;
				TARGETED_DEVICE_FAMILY = "1,2";
				TEST_HOST = "$(BUILT_PRODUCTS_DIR)/Accessibility Showcase.app/$(BUNDLE_EXECUTABLE_FOLDER_PATH)/Accessibility Showcase";
			};
			name = Debug;
		};
		33D1B9C42E1E9EE500DEE658 /* Release */ = {
			isa = XCBuildConfiguration;
			buildSettings = {
				BUNDLE_LOADER = "$(TEST_HOST)";
				CODE_SIGN_STYLE = Automatic;
				CURRENT_PROJECT_VERSION = 1;
				DEVELOPMENT_TEAM = 5V8D34KHHF;
				GENERATE_INFOPLIST_FILE = YES;
				IPHONEOS_DEPLOYMENT_TARGET = 18.5;
				MARKETING_VERSION = 1.0;
				PRODUCT_BUNDLE_IDENTIFIER = "com.edsalter.Accessibility-ShowcaseTests";
				PRODUCT_NAME = "$(TARGET_NAME)";
				SWIFT_EMIT_LOC_STRINGS = NO;
				SWIFT_VERSION = 5.0;
				TARGETED_DEVICE_FAMILY = "1,2";
				TEST_HOST = "$(BUILT_PRODUCTS_DIR)/Accessibility Showcase.app/$(BUNDLE_EXECUTABLE_FOLDER_PATH)/Accessibility Showcase";
			};
			name = Release;
		};
		33D1B9C62E1E9EE500DEE658 /* Debug */ = {
			isa = XCBuildConfiguration;
			buildSettings = {
				CODE_SIGN_STYLE = Automatic;
				CURRENT_PROJECT_VERSION = 1;
				DEVELOPMENT_TEAM = 5V8D34KHHF;
				GENERATE_INFOPLIST_FILE = YES;
				MARKETING_VERSION = 1.0;
				PRODUCT_BUNDLE_IDENTIFIER = "com.edsalter.Accessibility-ShowcaseUITests";
				PRODUCT_NAME = "$(TARGET_NAME)";
				SWIFT_EMIT_LOC_STRINGS = NO;
				SWIFT_VERSION = 5.0;
				TARGETED_DEVICE_FAMILY = "1,2";
				TEST_TARGET_NAME = "Accessibility Showcase";
			};
			name = Debug;
		};
		33D1B9C72E1E9EE500DEE658 /* Release */ = {
			isa = XCBuildConfiguration;
			buildSettings = {
				CODE_SIGN_STYLE = Automatic;
				CURRENT_PROJECT_VERSION = 1;
				DEVELOPMENT_TEAM = 5V8D34KHHF;
				GENERATE_INFOPLIST_FILE = YES;
				MARKETING_VERSION = 1.0;
				PRODUCT_BUNDLE_IDENTIFIER = "com.edsalter.Accessibility-ShowcaseUITests";
				PRODUCT_NAME = "$(TARGET_NAME)";
				SWIFT_EMIT_LOC_STRINGS = NO;
				SWIFT_VERSION = 5.0;
				TARGETED_DEVICE_FAMILY = "1,2";
				TEST_TARGET_NAME = "Accessibility Showcase";
			};
			name = Release;
		};
/* End XCBuildConfiguration section */

/* Begin XCConfigurationList section */
		33D1B9992E1E9EE300DEE658 /* Build configuration list for PBXProject "Accessibility Showcase" */ = {
			isa = XCConfigurationList;
			buildConfigurations = (
				33D1B9BD2E1E9EE500DEE658 /* Debug */,
				33D1B9BE2E1E9EE500DEE658 /* Release */,
			);
			defaultConfigurationIsVisible = 0;
			defaultConfigurationName = Release;
		};
		33D1B9BF2E1E9EE500DEE658 /* Build configuration list for PBXNativeTarget "Accessibility Showcase" */ = {
			isa = XCConfigurationList;
			buildConfigurations = (
				33D1B9C02E1E9EE500DEE658 /* Debug */,
				33D1B9C12E1E9EE500DEE658 /* Release */,
			);
			defaultConfigurationIsVisible = 0;
			defaultConfigurationName = Release;
		};
		33D1B9C22E1E9EE500DEE658 /* Build configuration list for PBXNativeTarget "Accessibility ShowcaseTests" */ = {
			isa = XCConfigurationList;
			buildConfigurations = (
				33D1B9C32E1E9EE500DEE658 /* Debug */,
				33D1B9C42E1E9EE500DEE658 /* Release */,
			);
			defaultConfigurationIsVisible = 0;
			defaultConfigurationName = Release;
		};
		33D1B9C52E1E9EE500DEE658 /* Build configuration list for PBXNativeTarget "Accessibility ShowcaseUITests" */ = {
			isa = XCConfigurationList;
			buildConfigurations = (
				33D1B9C62E1E9EE500DEE658 /* Debug */,
				33D1B9C72E1E9EE500DEE658 /* Release */,
			);
			defaultConfigurationIsVisible = 0;
			defaultConfigurationName = Release;
		};
/* End XCConfigurationList section */
	};
	rootObject = 33D1B9962E1E9EE300DEE658 /* Project object */;
}
